
Microsoft Visual Studio Solution File, Format Version 12.00
# Visual Studio Version 17
VisualStudioVersion = 17.3.32929.385
MinimumVisualStudioVersion = 10.0.40219.1
Project("{8BC9CEB8-8B4A-11D0-8D11-00A0C91BC942}") = "GravSim", "GravSim\GravSim.vcxproj", "{B827742A-4ED3-41EC-81ED-67540A2F9CA4}"
EndProject
Global
	GlobalSection(SolutionConfigurationPlatforms) = preSolution
		Debug|x64 = Debug|x64
		Debug|x86 = Debug|x86
		Release|x64 = Release|x64
		Release|x86 = Release|x86
	EndGlobalSection
	GlobalSection(ProjectConfigurationPlatforms) = postSolution
		{B827742A-4ED3-41EC-81ED-67540A2F9CA4}.Debug|x64.ActiveCfg = Debug|x64
		{B827742A-4ED3-41EC-81ED-67540A2F9CA4}.Debug|x64.Build.0 = Debug|x64
		{B827742A-4ED3-41EC-81ED-67540A2F9CA4}.Debug|x86.ActiveCfg = Debug|Win32
		{B827742A-4ED3-41EC-81ED-67540A2F9CA4}.Debug|x86.Build.0 = Debug|Win32
		{B827742A-4ED3-41EC-81ED-67540A2F9CA4}.Release|x64.ActiveCfg = Release|x64
		{B827742A-4ED3-41EC-81ED-67540A2F9CA4}.Release|x64.Build.0 = Release|x64
		{B827742A-4ED3-41EC-81ED-67540A2F9CA4}.Release|x86.ActiveCfg = Release|Win32
		{B827742A-4ED3-41EC-81ED-67540A2F9CA4}.Release|x86.Build.0 = Release|Win32
	EndGlobalSection
	GlobalSection(SolutionProperties) = preSolution
		HideSolutionNode = FALSE
	EndGlobalSection
	GlobalSection(ExtensibilityGlobals) = postSolution
		SolutionGuid = {4E588A1B-BD86-41D8-87E4-9CA4940FF75E}
	EndGlobalSection
EndGlobal
